
Microsoft Visual Studio Solution File, Format Version 12.00
# Visual Studio Version 16
VisualStudioVersion = 16.0.31402.337
MinimumVisualStudioVersion = 10.0.40219.1
Project("{FAE04EC0-301F-11D3-BF4B-00C04F79EFBC}") = "PromotionEngine", "PromotionEngine\PromotionEngine.csproj", "{59C89EF1-CB46-420E-A06C-3E2FDBCC23CE}"
EndProject
Project("{FAE04EC0-301F-11D3-BF4B-00C04F79EFBC}") = "UnitTest", "UnitTest\UnitTest.csproj", "{B926CBAE-5D49-4ECA-B474-F5ED91BDB4B3}"
EndProject
Global
	GlobalSection(SolutionConfigurationPlatforms) = preSolution
		Debug|Any CPU = Debug|Any CPU
		Release|Any CPU = Release|Any CPU
	EndGlobalSection
	GlobalSection(ProjectConfigurationPlatforms) = postSolution
		{59C89EF1-CB46-420E-A06C-3E2FDBCC23CE}.Debug|Any CPU.ActiveCfg = Debug|Any CPU
		{59C89EF1-CB46-420E-A06C-3E2FDBCC23CE}.Debug|Any CPU.Build.0 = Debug|Any CPU
		{59C89EF1-CB46-420E-A06C-3E2FDBCC23CE}.Release|Any CPU.ActiveCfg = Release|Any CPU
		{59C89EF1-CB46-420E-A06C-3E2FDBCC23CE}.Release|Any CPU.Build.0 = Release|Any CPU
		{B926CBAE-5D49-4ECA-B474-F5ED91BDB4B3}.Debug|Any CPU.ActiveCfg = Debug|Any CPU
		{B926CBAE-5D49-4ECA-B474-F5ED91BDB4B3}.Debug|Any CPU.Build.0 = Debug|Any CPU
		{B926CBAE-5D49-4ECA-B474-F5ED91BDB4B3}.Release|Any CPU.ActiveCfg = Release|Any CPU
		{B926CBAE-5D49-4ECA-B474-F5ED91BDB4B3}.Release|Any CPU.Build.0 = Release|Any CPU
	EndGlobalSection
	GlobalSection(SolutionProperties) = preSolution
		HideSolutionNode = FALSE
	EndGlobalSection
	GlobalSection(ExtensibilityGlobals) = postSolution
		SolutionGuid = {4B96AD3A-8FED-43D1-9A61-B215EE1B12BA}
	EndGlobalSection
EndGlobal
